dependencies:
- name: common
  repository: https://charts.bitnami.com/bitnami
  version: 1.13.0
- name: postgresql
  repository: https://charts.bitnami.com/bitnami
  version: 11.1.12
- name: redis
  repository: https://charts.bitnami.com/bitnami
  version: 16.8.0
digest: sha256:478d861b0d672a1bfad5e1056b42ecb07423410f7dcd5c27396366b25ee99157
generated: "2022-03-31T12:10:22.017286947Z"
