dependencies:
- name: common
  repository: https://charts.bitnami.com/bitnami
  version: 1.13.1
- name: postgresql
  repository: https://charts.bitnami.com/bitnami
  version: 11.1.28
- name: redis
  repository: https://charts.bitnami.com/bitnami
  version: 16.9.0
digest: sha256:a6d4607fe23ead057dbf12fe018debfe7a2ddc254ddf2b265f757b56bdf30c43
generated: "2022-05-09T13:21:27.583351943Z"
