dependencies:
- name: common
  repository: https://charts.bitnami.com/bitnami
  version: 1.16.0
- name: postgresql
  repository: https://charts.bitnami.com/bitnami
  version: 11.6.3
- name: redis
  repository: https://charts.bitnami.com/bitnami
  version: 16.11.3
digest: sha256:252f0ccc24d99fc4c53c1cc11be1c46e8ccfe387b39ff23b63f04f84adef1346
generated: "2022-06-07T08:56:12.08936131Z"
